
Microsoft Visual Studio Solution File, Format Version 12.00
# Visual Studio 15
VisualStudioVersion = 15.0.28010.2048
MinimumVisualStudioVersion = 10.0.40219.1
Project("{9A19103F-16F7-4668-BE54-9A1E7A4F7556}") = "Tba.WineEntry.Tests", "cqrs.Test\Tba.WineEntry.Tests.csproj", "{5EC921B9-97FE-4A9A-B06B-FA7C7D65D20E}"
EndProject
Project("{9A19103F-16F7-4668-BE54-9A1E7A4F7556}") = "Tba.WineEntry", "Tba.WineEntry\Tba.WineEntry.csproj", "{A6385C18-AB5C-43E7-A143-0FAE6B7210A0}"
EndProject
Global
	GlobalSection(SolutionConfigurationPlatforms) = preSolution
		Debug|Any CPU = Debug|Any CPU
		Release|Any CPU = Release|Any CPU
	EndGlobalSection
	GlobalSection(ProjectConfigurationPlatforms) = postSolution
		{5EC921B9-97FE-4A9A-B06B-FA7C7D65D20E}.Debug|Any CPU.ActiveCfg = Debug|Any CPU
		{5EC921B9-97FE-4A9A-B06B-FA7C7D65D20E}.Debug|Any CPU.Build.0 = Debug|Any CPU
		{5EC921B9-97FE-4A9A-B06B-FA7C7D65D20E}.Release|Any CPU.ActiveCfg = Release|Any CPU
		{5EC921B9-97FE-4A9A-B06B-FA7C7D65D20E}.Release|Any CPU.Build.0 = Release|Any CPU
		{A6385C18-AB5C-43E7-A143-0FAE6B7210A0}.Debug|Any CPU.ActiveCfg = Debug|Any CPU
		{A6385C18-AB5C-43E7-A143-0FAE6B7210A0}.Debug|Any CPU.Build.0 = Debug|Any CPU
		{A6385C18-AB5C-43E7-A143-0FAE6B7210A0}.Release|Any CPU.ActiveCfg = Release|Any CPU
		{A6385C18-AB5C-43E7-A143-0FAE6B7210A0}.Release|Any CPU.Build.0 = Release|Any CPU
	EndGlobalSection
	GlobalSection(SolutionProperties) = preSolution
		HideSolutionNode = FALSE
	EndGlobalSection
	GlobalSection(ExtensibilityGlobals) = postSolution
		SolutionGuid = {CA04A644-4FAF-4801-96D7-481ADB742E78}
	EndGlobalSection
EndGlobal
