
Microsoft Visual Studio Solution File, Format Version 12.00
# Visual Studio 15
VisualStudioVersion = 15.0.28010.2048
MinimumVisualStudioVersion = 10.0.40219.1
Project("{9A19103F-16F7-4668-BE54-9A1E7A4F7556}") = "Tba.WineEntry.View", "Tba.WineEntry.View\Tba.WineEntry.View.csproj", "{9C7E4F86-F5C7-4D7F-96B7-D541B49E4ED0}"
EndProject
Project("{9A19103F-16F7-4668-BE54-9A1E7A4F7556}") = "Tba.WineEntry.Upsert.Tests", "Tba.WineEntry.Test\Tba.WineEntry.Upsert.Tests.csproj", "{3A15BF02-360C-482A-A007-0EA17FC61A92}"
EndProject
Project("{9A19103F-16F7-4668-BE54-9A1E7A4F7556}") = "Tba.WineEntry.Upsert", "Tba.WineEntry.Upsert\Tba.WineEntry.Upsert.csproj", "{35CFC8C5-2C0F-4509-A22C-86FE85F04F0C}"
EndProject
Project("{9A19103F-16F7-4668-BE54-9A1E7A4F7556}") = "Tba.WineEntry", "Tba.WineEntry\Tba.WineEntry.csproj", "{EBCED811-35E0-49B7-86F3-5E808D044D06}"
EndProject
Project("{FAE04EC0-301F-11D3-BF4B-00C04F79EFBC}") = "Tba.EventStore", "Tba.EventStore\Tba.EventStore.csproj", "{165CEF1C-215D-4289-A57F-54D9A92B8F4C}"
EndProject
Global
	GlobalSection(SolutionConfigurationPlatforms) = preSolution
		Debug|Any CPU = Debug|Any CPU
		Release|Any CPU = Release|Any CPU
	EndGlobalSection
	GlobalSection(ProjectConfigurationPlatforms) = postSolution
		{9C7E4F86-F5C7-4D7F-96B7-D541B49E4ED0}.Debug|Any CPU.ActiveCfg = Debug|Any CPU
		{9C7E4F86-F5C7-4D7F-96B7-D541B49E4ED0}.Debug|Any CPU.Build.0 = Debug|Any CPU
		{9C7E4F86-F5C7-4D7F-96B7-D541B49E4ED0}.Release|Any CPU.ActiveCfg = Release|Any CPU
		{9C7E4F86-F5C7-4D7F-96B7-D541B49E4ED0}.Release|Any CPU.Build.0 = Release|Any CPU
		{3A15BF02-360C-482A-A007-0EA17FC61A92}.Debug|Any CPU.ActiveCfg = Debug|Any CPU
		{3A15BF02-360C-482A-A007-0EA17FC61A92}.Debug|Any CPU.Build.0 = Debug|Any CPU
		{3A15BF02-360C-482A-A007-0EA17FC61A92}.Release|Any CPU.ActiveCfg = Release|Any CPU
		{3A15BF02-360C-482A-A007-0EA17FC61A92}.Release|Any CPU.Build.0 = Release|Any CPU
		{35CFC8C5-2C0F-4509-A22C-86FE85F04F0C}.Debug|Any CPU.ActiveCfg = Debug|Any CPU
		{35CFC8C5-2C0F-4509-A22C-86FE85F04F0C}.Debug|Any CPU.Build.0 = Debug|Any CPU
		{35CFC8C5-2C0F-4509-A22C-86FE85F04F0C}.Release|Any CPU.ActiveCfg = Release|Any CPU
		{35CFC8C5-2C0F-4509-A22C-86FE85F04F0C}.Release|Any CPU.Build.0 = Release|Any CPU
		{EBCED811-35E0-49B7-86F3-5E808D044D06}.Debug|Any CPU.ActiveCfg = Debug|Any CPU
		{EBCED811-35E0-49B7-86F3-5E808D044D06}.Debug|Any CPU.Build.0 = Debug|Any CPU
		{EBCED811-35E0-49B7-86F3-5E808D044D06}.Release|Any CPU.ActiveCfg = Release|Any CPU
		{EBCED811-35E0-49B7-86F3-5E808D044D06}.Release|Any CPU.Build.0 = Release|Any CPU
		{165CEF1C-215D-4289-A57F-54D9A92B8F4C}.Debug|Any CPU.ActiveCfg = Debug|Any CPU
		{165CEF1C-215D-4289-A57F-54D9A92B8F4C}.Debug|Any CPU.Build.0 = Debug|Any CPU
		{165CEF1C-215D-4289-A57F-54D9A92B8F4C}.Release|Any CPU.ActiveCfg = Release|Any CPU
		{165CEF1C-215D-4289-A57F-54D9A92B8F4C}.Release|Any CPU.Build.0 = Release|Any CPU
	EndGlobalSection
	GlobalSection(SolutionProperties) = preSolution
		HideSolutionNode = FALSE
	EndGlobalSection
	GlobalSection(ExtensibilityGlobals) = postSolution
		SolutionGuid = {CA04A644-4FAF-4801-96D7-481ADB742E78}
	EndGlobalSection
EndGlobal
